
Microsoft Visual Studio Solution File, Format Version 12.00
# Visual Studio Version 16
VisualStudioVersion = 16.0.30320.27
MinimumVisualStudioVersion = 10.0.40219.1
Project("{FAE04EC0-301F-11D3-BF4B-00C04F79EFBC}") = "ApiZemoga", "ApiZemoga\ApiZemoga.csproj", "{3002F437-AF5B-459C-A06C-253F49279FF1}"
EndProject
Global
	GlobalSection(SolutionConfigurationPlatforms) = preSolution
		Debug|Any CPU = Debug|Any CPU
		Release|Any CPU = Release|Any CPU
	EndGlobalSection
	GlobalSection(ProjectConfigurationPlatforms) = postSolution
		{3002F437-AF5B-459C-A06C-253F49279FF1}.Debug|Any CPU.ActiveCfg = Debug|Any CPU
		{3002F437-AF5B-459C-A06C-253F49279FF1}.Debug|Any CPU.Build.0 = Debug|Any CPU
		{3002F437-AF5B-459C-A06C-253F49279FF1}.Release|Any CPU.ActiveCfg = Release|Any CPU
		{3002F437-AF5B-459C-A06C-253F49279FF1}.Release|Any CPU.Build.0 = Release|Any CPU
	EndGlobalSection
	GlobalSection(SolutionProperties) = preSolution
		HideSolutionNode = FALSE
	EndGlobalSection
	GlobalSection(ExtensibilityGlobals) = postSolution
		SolutionGuid = {AD4F4FC4-7FB6-4084-A38D-4BD90003A1CD}
	EndGlobalSection
EndGlobal
